
Microsoft Visual Studio Solution File, Format Version 12.00
# Visual Studio Version 16
VisualStudioVersion = 16.0.28922.388
MinimumVisualStudioVersion = 10.0.40219.1
Project("{FAE04EC0-301F-11D3-BF4B-00C04F79EFBC}") = "PrimeraApp.UWP", "PrimeraApp\PrimeraApp.UWP\PrimeraApp.UWP.csproj", "{03C8039B-C8AC-41DE-9871-79F4B5B92CC1}"
EndProject
Project("{FAE04EC0-301F-11D3-BF4B-00C04F79EFBC}") = "PrimeraApp.Android", "PrimeraApp\PrimeraApp.Android\PrimeraApp.Android.csproj", "{B7DCB286-BD1F-419D-97DF-24DFBF04FB54}"
EndProject
Project("{FAE04EC0-301F-11D3-BF4B-00C04F79EFBC}") = "PrimeraApp.iOS", "PrimeraApp\PrimeraApp.iOS\PrimeraApp.iOS.csproj", "{541BAF2C-E41F-4820-88E9-BEFE394C53C4}"
EndProject
Project("{FAE04EC0-301F-11D3-BF4B-00C04F79EFBC}") = "PrimeraApp", "PrimeraApp\PrimeraApp\PrimeraApp.csproj", "{68B25F7D-6AF6-4BAC-B818-763905CD3CAE}"
EndProject
Global
	GlobalSection(SolutionConfigurationPlatforms) = preSolution
		Debug|Any CPU = Debug|Any CPU
		Debug|ARM = Debug|ARM
		Debug|iPhone = Debug|iPhone
		Debug|iPhoneSimulator = Debug|iPhoneSimulator
		Debug|x64 = Debug|x64
		Debug|x86 = Debug|x86
		Release|Any CPU = Release|Any CPU
		Release|ARM = Release|ARM
		Release|iPhone = Release|iPhone
		Release|iPhoneSimulator = Release|iPhoneSimulator
		Release|x64 = Release|x64
		Release|x86 = Release|x86
	EndGlobalSection
	GlobalSection(ProjectConfigurationPlatforms) = postSolution
		{03C8039B-C8AC-41DE-9871-79F4B5B92CC1}.Debug|Any CPU.ActiveCfg = Debug|x86
		{03C8039B-C8AC-41DE-9871-79F4B5B92CC1}.Debug|Any CPU.Build.0 = Debug|x86
		{03C8039B-C8AC-41DE-9871-79F4B5B92CC1}.Debug|Any CPU.Deploy.0 = Debug|x86
		{03C8039B-C8AC-41DE-9871-79F4B5B92CC1}.Debug|ARM.ActiveCfg = Debug|ARM
		{03C8039B-C8AC-41DE-9871-79F4B5B92CC1}.Debug|ARM.Build.0 = Debug|ARM
		{03C8039B-C8AC-41DE-9871-79F4B5B92CC1}.Debug|ARM.Deploy.0 = Debug|ARM
		{03C8039B-C8AC-41DE-9871-79F4B5B92CC1}.Debug|iPhone.ActiveCfg = Debug|x86
		{03C8039B-C8AC-41DE-9871-79F4B5B92CC1}.Debug|iPhone.Build.0 = Debug|x86
		{03C8039B-C8AC-41DE-9871-79F4B5B92CC1}.Debug|iPhone.Deploy.0 = Debug|x86
		{03C8039B-C8AC-41DE-9871-79F4B5B92CC1}.Debug|iPhoneSimulator.ActiveCfg = Debug|x86
		{03C8039B-C8AC-41DE-9871-79F4B5B92CC1}.Debug|iPhoneSimulator.Build.0 = Debug|x86
		{03C8039B-C8AC-41DE-9871-79F4B5B92CC1}.Debug|iPhoneSimulator.Deploy.0 = Debug|x86
		{03C8039B-C8AC-41DE-9871-79F4B5B92CC1}.Debug|x64.ActiveCfg = Debug|x64
		{03C8039B-C8AC-41DE-9871-79F4B5B92CC1}.Debug|x64.Build.0 = Debug|x64
		{03C8039B-C8AC-41DE-9871-79F4B5B92CC1}.Debug|x64.Deploy.0 = Debug|x64
		{03C8039B-C8AC-41DE-9871-79F4B5B92CC1}.Debug|x86.ActiveCfg = Debug|x86
		{03C8039B-C8AC-41DE-9871-79F4B5B92CC1}.Debug|x86.Build.0 = Debug|x86
		{03C8039B-C8AC-41DE-9871-79F4B5B92CC1}.Debug|x86.Deploy.0 = Debug|x86
		{03C8039B-C8AC-41DE-9871-79F4B5B92CC1}.Release|Any CPU.ActiveCfg = Release|x86
		{03C8039B-C8AC-41DE-9871-79F4B5B92CC1}.Release|Any CPU.Build.0 = Release|x86
		{03C8039B-C8AC-41DE-9871-79F4B5B92CC1}.Release|Any CPU.Deploy.0 = Release|x86
		{03C8039B-C8AC-41DE-9871-79F4B5B92CC1}.Release|ARM.ActiveCfg = Release|ARM
		{03C8039B-C8AC-41DE-9871-79F4B5B92CC1}.Release|ARM.Build.0 = Release|ARM
		{03C8039B-C8AC-41DE-9871-79F4B5B92CC1}.Release|ARM.Deploy.0 = Release|ARM
		{03C8039B-C8AC-41DE-9871-79F4B5B92CC1}.Release|iPhone.ActiveCfg = Release|x86
		{03C8039B-C8AC-41DE-9871-79F4B5B92CC1}.Release|iPhone.Build.0 = Release|x86
		{03C8039B-C8AC-41DE-9871-79F4B5B92CC1}.Release|iPhone.Deploy.0 = Release|x86
		{03C8039B-C8AC-41DE-9871-79F4B5B92CC1}.Release|iPhoneSimulator.ActiveCfg = Release|x86
		{03C8039B-C8AC-41DE-9871-79F4B5B92CC1}.Release|iPhoneSimulator.Build.0 = Release|x86
		{03C8039B-C8AC-41DE-9871-79F4B5B92CC1}.Release|iPhoneSimulator.Deploy.0 = Release|x86
		{03C8039B-C8AC-41DE-9871-79F4B5B92CC1}.Release|x64.ActiveCfg = Release|x64
		{03C8039B-C8AC-41DE-9871-79F4B5B92CC1}.Release|x64.Build.0 = Release|x64
		{03C8039B-C8AC-41DE-9871-79F4B5B92CC1}.Release|x64.Deploy.0 = Release|x64
		{03C8039B-C8AC-41DE-9871-79F4B5B92CC1}.Release|x86.ActiveCfg = Release|x86
		{03C8039B-C8AC-41DE-9871-79F4B5B92CC1}.Release|x86.Build.0 = Release|x86
		{03C8039B-C8AC-41DE-9871-79F4B5B92CC1}.Release|x86.Deploy.0 = Release|x86
		{B7DCB286-BD1F-419D-97DF-24DFBF04FB54}.Debug|Any CPU.ActiveCfg = Debug|Any CPU
		{B7DCB286-BD1F-419D-97DF-24DFBF04FB54}.Debug|Any CPU.Build.0 = Debug|Any CPU
		{B7DCB286-BD1F-419D-97DF-24DFBF04FB54}.Debug|Any CPU.Deploy.0 = Debug|Any CPU
		{B7DCB286-BD1F-419D-97DF-24DFBF04FB54}.Debug|ARM.ActiveCfg = Debug|Any CPU
		{B7DCB286-BD1F-419D-97DF-24DFBF04FB54}.Debug|ARM.Build.0 = Debug|Any CPU
		{B7DCB286-BD1F-419D-97DF-24DFBF04FB54}.Debug|ARM.Deploy.0 = Debug|Any CPU
		{B7DCB286-BD1F-419D-97DF-24DFBF04FB54}.Debug|iPhone.ActiveCfg = Debug|Any CPU
		{B7DCB286-BD1F-419D-97DF-24DFBF04FB54}.Debug|iPhone.Build.0 = Debug|Any CPU
		{B7DCB286-BD1F-419D-97DF-24DFBF04FB54}.Debug|iPhone.Deploy.0 = Debug|Any CPU
		{B7DCB286-BD1F-419D-97DF-24DFBF04FB54}.Debug|iPhoneSimulator.ActiveCfg = Debug|Any CPU
		{B7DCB286-BD1F-419D-97DF-24DFBF04FB54}.Debug|iPhoneSimulator.Build.0 = Debug|Any CPU
		{B7DCB286-BD1F-419D-97DF-24DFBF04FB54}.Debug|iPhoneSimulator.Deploy.0 = Debug|Any CPU
		{B7DCB286-BD1F-419D-97DF-24DFBF04FB54}.Debug|x64.ActiveCfg = Debug|Any CPU
		{B7DCB286-BD1F-419D-97DF-24DFBF04FB54}.Debug|x64.Build.0 = Debug|Any CPU
		{B7DCB286-BD1F-419D-97DF-24DFBF04FB54}.Debug|x64.Deploy.0 = Debug|Any CPU
		{B7DCB286-BD1F-419D-97DF-24DFBF04FB54}.Debug|x86.ActiveCfg = Debug|Any CPU
		{B7DCB286-BD1F-419D-97DF-24DFBF04FB54}.Debug|x86.Build.0 = Debug|Any CPU
		{B7DCB286-BD1F-419D-97DF-24DFBF04FB54}.Debug|x86.Deploy.0 = Debug|Any CPU
		{B7DCB286-BD1F-419D-97DF-24DFBF04FB54}.Release|Any CPU.ActiveCfg = Release|Any CPU
		{B7DCB286-BD1F-419D-97DF-24DFBF04FB54}.Release|Any CPU.Build.0 = Release|Any CPU
		{B7DCB286-BD1F-419D-97DF-24DFBF04FB54}.Release|Any CPU.Deploy.0 = Release|Any CPU
		{B7DCB286-BD1F-419D-97DF-24DFBF04FB54}.Release|ARM.ActiveCfg = Release|Any CPU
		{B7DCB286-BD1F-419D-97DF-24DFBF04FB54}.Release|ARM.Build.0 = Release|Any CPU
		{B7DCB286-BD1F-419D-97DF-24DFBF04FB54}.Release|ARM.Deploy.0 = Release|Any CPU
		{B7DCB286-BD1F-419D-97DF-24DFBF04FB54}.Release|iPhone.ActiveCfg = Release|Any CPU
		{B7DCB286-BD1F-419D-97DF-24DFBF04FB54}.Release|iPhone.Build.0 = Release|Any CPU
		{B7DCB286-BD1F-419D-97DF-24DFBF04FB54}.Release|iPhone.Deploy.0 = Release|Any CPU
		{B7DCB286-BD1F-419D-97DF-24DFBF04FB54}.Release|iPhoneSimulator.ActiveCfg = Release|Any CPU
		{B7DCB286-BD1F-419D-97DF-24DFBF04FB54}.Release|iPhoneSimulator.Build.0 = Release|Any CPU
		{B7DCB286-BD1F-419D-97DF-24DFBF04FB54}.Release|iPhoneSimulator.Deploy.0 = Release|Any CPU
		{B7DCB286-BD1F-419D-97DF-24DFBF04FB54}.Release|x64.ActiveCfg = Release|Any CPU
		{B7DCB286-BD1F-419D-97DF-24DFBF04FB54}.Release|x64.Build.0 = Release|Any CPU
		{B7DCB286-BD1F-419D-97DF-24DFBF04FB54}.Release|x64.Deploy.0 = Release|Any CPU
		{B7DCB286-BD1F-419D-97DF-24DFBF04FB54}.Release|x86.ActiveCfg = Release|Any CPU
		{B7DCB286-BD1F-419D-97DF-24DFBF04FB54}.Release|x86.Build.0 = Release|Any CPU
		{B7DCB286-BD1F-419D-97DF-24DFBF04FB54}.Release|x86.Deploy.0 = Release|Any CPU
		{541BAF2C-E41F-4820-88E9-BEFE394C53C4}.Debug|Any CPU.ActiveCfg = Debug|iPhone
		{541BAF2C-E41F-4820-88E9-BEFE394C53C4}.Debug|Any CPU.Build.0 = Debug|iPhone
		{541BAF2C-E41F-4820-88E9-BEFE394C53C4}.Debug|Any CPU.Deploy.0 = Debug|iPhone
		{541BAF2C-E41F-4820-88E9-BEFE394C53C4}.Debug|ARM.ActiveCfg = Debug|iPhoneSimulator
		{541BAF2C-E41F-4820-88E9-BEFE394C53C4}.Debug|ARM.Build.0 = Debug|iPhoneSimulator
		{541BAF2C-E41F-4820-88E9-BEFE394C53C4}.Debug|ARM.Deploy.0 = Debug|iPhoneSimulator
		{541BAF2C-E41F-4820-88E9-BEFE394C53C4}.Debug|iPhone.ActiveCfg = Debug|iPhone
		{541BAF2C-E41F-4820-88E9-BEFE394C53C4}.Debug|iPhone.Build.0 = Debug|iPhone
		{541BAF2C-E41F-4820-88E9-BEFE394C53C4}.Debug|iPhone.Deploy.0 = Debug|iPhone
		{541BAF2C-E41F-4820-88E9-BEFE394C53C4}.Debug|iPhoneSimulator.ActiveCfg = Debug|iPhoneSimulator
		{541BAF2C-E41F-4820-88E9-BEFE394C53C4}.Debug|iPhoneSimulator.Build.0 = Debug|iPhoneSimulator
		{541BAF2C-E41F-4820-88E9-BEFE394C53C4}.Debug|iPhoneSimulator.Deploy.0 = Debug|iPhoneSimulator
		{541BAF2C-E41F-4820-88E9-BEFE394C53C4}.Debug|x64.ActiveCfg = Debug|iPhone
		{541BAF2C-E41F-4820-88E9-BEFE394C53C4}.Debug|x64.Build.0 = Debug|iPhone
		{541BAF2C-E41F-4820-88E9-BEFE394C53C4}.Debug|x64.Deploy.0 = Debug|iPhone
		{541BAF2C-E41F-4820-88E9-BEFE394C53C4}.Debug|x86.ActiveCfg = Debug|iPhone
		{541BAF2C-E41F-4820-88E9-BEFE394C53C4}.Debug|x86.Build.0 = Debug|iPhone
		{541BAF2C-E41F-4820-88E9-BEFE394C53C4}.Debug|x86.Deploy.0 = Debug|iPhone
		{541BAF2C-E41F-4820-88E9-BEFE394C53C4}.Release|Any CPU.ActiveCfg = Release|iPhone
		{541BAF2C-E41F-4820-88E9-BEFE394C53C4}.Release|Any CPU.Build.0 = Release|iPhone
		{541BAF2C-E41F-4820-88E9-BEFE394C53C4}.Release|Any CPU.Deploy.0 = Release|iPhone
		{541BAF2C-E41F-4820-88E9-BEFE394C53C4}.Release|ARM.ActiveCfg = Release|iPhone
		{541BAF2C-E41F-4820-88E9-BEFE394C53C4}.Release|ARM.Build.0 = Release|iPhone
		{541BAF2C-E41F-4820-88E9-BEFE394C53C4}.Release|ARM.Deploy.0 = Release|iPhone
		{541BAF2C-E41F-4820-88E9-BEFE394C53C4}.Release|iPhone.ActiveCfg = Release|iPhone
		{541BAF2C-E41F-4820-88E9-BEFE394C53C4}.Release|iPhone.Build.0 = Release|iPhone
		{541BAF2C-E41F-4820-88E9-BEFE394C53C4}.Release|iPhone.Deploy.0 = Release|iPhone
		{541BAF2C-E41F-4820-88E9-BEFE394C53C4}.Release|iPhoneSimulator.ActiveCfg = Release|iPhoneSimulator
		{541BAF2C-E41F-4820-88E9-BEFE394C53C4}.Release|iPhoneSimulator.Build.0 = Release|iPhoneSimulator
		{541BAF2C-E41F-4820-88E9-BEFE394C53C4}.Release|iPhoneSimulator.Deploy.0 = Release|iPhoneSimulator
		{541BAF2C-E41F-4820-88E9-BEFE394C53C4}.Release|x64.ActiveCfg = Release|iPhone
		{541BAF2C-E41F-4820-88E9-BEFE394C53C4}.Release|x64.Build.0 = Release|iPhone
		{541BAF2C-E41F-4820-88E9-BEFE394C53C4}.Release|x64.Deploy.0 = Release|iPhone
		{541BAF2C-E41F-4820-88E9-BEFE394C53C4}.Release|x86.ActiveCfg = Release|iPhone
		{541BAF2C-E41F-4820-88E9-BEFE394C53C4}.Release|x86.Build.0 = Release|iPhone
		{541BAF2C-E41F-4820-88E9-BEFE394C53C4}.Release|x86.Deploy.0 = Release|iPhone
		{68B25F7D-6AF6-4BAC-B818-763905CD3CAE}.Debug|Any CPU.ActiveCfg = Debug|Any CPU
		{68B25F7D-6AF6-4BAC-B818-763905CD3CAE}.Debug|Any CPU.Build.0 = Debug|Any CPU
		{68B25F7D-6AF6-4BAC-B818-763905CD3CAE}.Debug|Any CPU.Deploy.0 = Debug|Any CPU
		{68B25F7D-6AF6-4BAC-B818-763905CD3CAE}.Debug|ARM.ActiveCfg = Debug|Any CPU
		{68B25F7D-6AF6-4BAC-B818-763905CD3CAE}.Debug|ARM.Build.0 = Debug|Any CPU
		{68B25F7D-6AF6-4BAC-B818-763905CD3CAE}.Debug|ARM.Deploy.0 = Debug|Any CPU
		{68B25F7D-6AF6-4BAC-B818-763905CD3CAE}.Debug|iPhone.ActiveCfg = Debug|Any CPU
		{68B25F7D-6AF6-4BAC-B818-763905CD3CAE}.Debug|iPhone.Build.0 = Debug|Any CPU
		{68B25F7D-6AF6-4BAC-B818-763905CD3CAE}.Debug|iPhone.Deploy.0 = Debug|Any CPU
		{68B25F7D-6AF6-4BAC-B818-763905CD3CAE}.Debug|iPhoneSimulator.ActiveCfg = Debug|Any CPU
		{68B25F7D-6AF6-4BAC-B818-763905CD3CAE}.Debug|iPhoneSimulator.Build.0 = Debug|Any CPU
		{68B25F7D-6AF6-4BAC-B818-763905CD3CAE}.Debug|iPhoneSimulator.Deploy.0 = Debug|Any CPU
		{68B25F7D-6AF6-4BAC-B818-763905CD3CAE}.Debug|x64.ActiveCfg = Debug|Any CPU
		{68B25F7D-6AF6-4BAC-B818-763905CD3CAE}.Debug|x64.Build.0 = Debug|Any CPU
		{68B25F7D-6AF6-4BAC-B818-763905CD3CAE}.Debug|x64.Deploy.0 = Debug|Any CPU
		{68B25F7D-6AF6-4BAC-B818-763905CD3CAE}.Debug|x86.ActiveCfg = Debug|Any CPU
		{68B25F7D-6AF6-4BAC-B818-763905CD3CAE}.Debug|x86.Build.0 = Debug|Any CPU
		{68B25F7D-6AF6-4BAC-B818-763905CD3CAE}.Debug|x86.Deploy.0 = Debug|Any CPU
		{68B25F7D-6AF6-4BAC-B818-763905CD3CAE}.Release|Any CPU.ActiveCfg = Release|Any CPU
		{68B25F7D-6AF6-4BAC-B818-763905CD3CAE}.Release|Any CPU.Build.0 = Release|Any CPU
		{68B25F7D-6AF6-4BAC-B818-763905CD3CAE}.Release|Any CPU.Deploy.0 = Release|Any CPU
		{68B25F7D-6AF6-4BAC-B818-763905CD3CAE}.Release|ARM.ActiveCfg = Release|Any CPU
		{68B25F7D-6AF6-4BAC-B818-763905CD3CAE}.Release|ARM.Build.0 = Release|Any CPU
		{68B25F7D-6AF6-4BAC-B818-763905CD3CAE}.Release|ARM.Deploy.0 = Release|Any CPU
		{68B25F7D-6AF6-4BAC-B818-763905CD3CAE}.Release|iPhone.ActiveCfg = Release|Any CPU
		{68B25F7D-6AF6-4BAC-B818-763905CD3CAE}.Release|iPhone.Build.0 = Release|Any CPU
		{68B25F7D-6AF6-4BAC-B818-763905CD3CAE}.Release|iPhone.Deploy.0 = Release|Any CPU
		{68B25F7D-6AF6-4BAC-B818-763905CD3CAE}.Release|iPhoneSimulator.ActiveCfg = Release|Any CPU
		{68B25F7D-6AF6-4BAC-B818-763905CD3CAE}.Release|iPhoneSimulator.Build.0 = Release|Any CPU
		{68B25F7D-6AF6-4BAC-B818-763905CD3CAE}.Release|iPhoneSimulator.Deploy.0 = Release|Any CPU
		{68B25F7D-6AF6-4BAC-B818-763905CD3CAE}.Release|x64.ActiveCfg = Release|Any CPU
		{68B25F7D-6AF6-4BAC-B818-763905CD3CAE}.Release|x64.Build.0 = Release|Any CPU
		{68B25F7D-6AF6-4BAC-B818-763905CD3CAE}.Release|x64.Deploy.0 = Release|Any CPU
		{68B25F7D-6AF6-4BAC-B818-763905CD3CAE}.Release|x86.ActiveCfg = Release|Any CPU
		{68B25F7D-6AF6-4BAC-B818-763905CD3CAE}.Release|x86.Build.0 = Release|Any CPU
		{68B25F7D-6AF6-4BAC-B818-763905CD3CAE}.Release|x86.Deploy.0 = Release|Any CPU
	EndGlobalSection
	GlobalSection(SolutionProperties) = preSolution
		HideSolutionNode = FALSE
	EndGlobalSection
	GlobalSection(ExtensibilityGlobals) = postSolution
		SolutionGuid = {270A9226-6B0E-462A-AE6B-17C3B42AABA0}
	EndGlobalSection
EndGlobal
